NeoBundleLock ctrlp.vim 564176f01d7f3f7f8ab452ff4e1f5314de7b0981
NeoBundleLock neobundle.vim c6fa48cd665071b7a4dbf5ab53f48cd5884716ee
NeoBundleLock vim-airline a914cfb75438c36eefd2d7ee73da5196b0b0c2da
NeoBundleLock vim-fugitive be2ff98db543990d7e59a90189733d7a779788fd
NeoBundleLock vimproc.vim 25cb83f24edec4aec1e9f1329302235e7a7a7fe0
